<?xml version="1.0" encoding="utf-8"?>
<Project ToolsVersion="4.0" xmlns="http://schemas.microsoft.com/developer/msbuild/2003">
  <ItemGroup>
    <Filter Include="Source Files">
      <UniqueIdentifier>{4FC737F1-C7A5-4376-A066-2A32D752A2FF}</UniqueIdentifier>
      <Extensions>cpp;c;cc;cxx;def;odl;idl;hpj;bat;asm;asmx</Extensions>
    </Filter>
    <Filter Include="Header Files">
      <UniqueIdentifier>{93995380-89BD-4b04-88EB-625FBE52EBFB}</UniqueIdentifier>
      <Extensions>h;hh;hpp;hxx;hm;inl;inc;ipp;xsd</Extensions>
    </Filter>
    <Filter Include="Resource Files">
      <UniqueIdentifier>{67DA6AB6-F800-4c08-8B7A-83BB121AAD01}</UniqueIdentifier>
      <Extensions>rc;ico;cur;bmp;dlg;rc2;rct;bin;rgs;gif;jpg;jpeg;jpe;resx;tiff;tif;png;wav;mfcribbon-ms</Extensions>
    </Filter>
  </ItemGroup>
  <ItemGroup>
    <ClCompile Include="MinecraftServer.cpp">
      <Filter>Source Files</Filter>
    </ClCompile>
    <ClCompile Include="Network\ConnectionToClient.cpp">
      <Filter>Source Files</Filter>
    </ClCompile>
    <ClCompile Include="Network\ConnectionToClientInterface.cpp">
      <Filter>Source Files</Filter>
    </ClCompile>
    <ClCompile Include="Network\Packets\KeyChangePacket.cpp">
      <Filter>Source Files</Filter>
    </ClCompile>
    <ClCompile Include="Network\Packets\MouseChangePacket.cpp">
      <Filter>Source Files</Filter>
    </ClCompile>
    <ClCompile Include="Network\Packets\MousePosChangePacket.cpp">
      <Filter>Source Files</Filter>
    </ClCompile>
    <ClCompile Include="Network\Packets\Packet.cpp">
      <Filter>Source Files</Filter>
    </ClCompile>
    <ClCompile Include="Network\Packets\PacketData.cpp">
      <Filter>Source Files</Filter>
    </ClCompile>
    <ClCompile Include="Network\Packets\PacketHeader.cpp">
      <Filter>Source Files</Filter>
    </ClCompile>
    <ClCompile Include="Network\ServerNetworkManager.cpp">
      <Filter>Source Files</Filter>
    </ClCompile>
    <ClCompile Include="Util\ThreadSafeQueue.cpp">
      <Filter>Source Files</Filter>
    </ClCompile>
    <ClCompile Include="Util\ThreadSafeSet.cpp">
      <Filter>Source Files</Filter>
    </ClCompile>
    <ClCompile Include="World\Blocks\CobblestoneBlock.cpp">
      <Filter>Source Files</Filter>
    </ClCompile>
    <ClCompile Include="World\Blocks\DirtBlock.cpp">
      <Filter>Source Files</Filter>
    </ClCompile>
    <ClCompile Include="World\Blocks\PlanksBlock.cpp">
      <Filter>Source Files</Filter>
    </ClCompile>
    <ClCompile Include="World\Blocks\StoneBlock.cpp">
      <Filter>Source Files</Filter>
    </ClCompile>
    <ClCompile Include="Entities\Entity.cpp">
      <Filter>Source Files</Filter>
    </ClCompile>
    <ClCompile Include="Entities\LivingEntity.cpp">
      <Filter>Source Files</Filter>
    </ClCompile>
    <ClCompile Include="Entities\Player.cpp">
      <Filter>Source Files</Filter>
    </ClCompile>
    <ClCompile Include="Util\CustomFileManager.cpp">
      <Filter>Source Files</Filter>
    </ClCompile>
    <ClCompile Include="Util\BoundingBox.cpp">
      <Filter>Source Files</Filter>
    </ClCompile>
    <ClCompile Include="Util\CustomRandomEngine.cpp">
      <Filter>Source Files</Filter>
    </ClCompile>
    <ClCompile Include="Util\EngineDefaults.cpp">
      <Filter>Source Files</Filter>
    </ClCompile>
    <ClCompile Include="Util\PerlinNoise.cpp">
      <Filter>Source Files</Filter>
    </ClCompile>
    <ClCompile Include="Util\Transform.cpp">
      <Filter>Source Files</Filter>
    </ClCompile>
    <ClCompile Include="World\Blocks\BlockTypeList.cpp">
      <Filter>Source Files</Filter>
    </ClCompile>
    <ClCompile Include="World\Blocks\GrassBlock.cpp">
      <Filter>Source Files</Filter>
    </ClCompile>
    <ClCompile Include="World\Blocks\AirBlock.cpp">
      <Filter>Source Files</Filter>
    </ClCompile>
    <ClCompile Include="World\Blocks\SaplingBlock.cpp">
      <Filter>Source Files</Filter>
    </ClCompile>
    <ClCompile Include="World\Chunk.cpp">
      <Filter>Source Files</Filter>
    </ClCompile>
    <ClCompile Include="World\ChunkCoords.cpp">
      <Filter>Source Files</Filter>
    </ClCompile>
    <ClCompile Include="World\MultiPlayerWorld.cpp">
      <Filter>Source Files</Filter>
    </ClCompile>
    <ClCompile Include="World\Blocks\Block.cpp">
      <Filter>Source Files</Filter>
    </ClCompile>
  </ItemGroup>
  <ItemGroup>
    <ClInclude Include="Entities\Entity.h">
      <Filter>Header Files</Filter>
    </ClInclude>
    <ClInclude Include="Entities\LivingEntity.h">
      <Filter>Header Files</Filter>
    </ClInclude>
    <ClInclude Include="Entities\Player.h">
      <Filter>Header Files</Filter>
    </ClInclude>
    <ClInclude Include="Network\ConnectionToClient.h">
      <Filter>Header Files</Filter>
    </ClInclude>
    <ClInclude Include="Network\ConnectionToClientInterface.h">
      <Filter>Header Files</Filter>
    </ClInclude>
    <ClInclude Include="Network\Packets\KeyChangePacket.h">
      <Filter>Header Files</Filter>
    </ClInclude>
    <ClInclude Include="Network\Packets\MouseChangePacket.h">
      <Filter>Header Files</Filter>
    </ClInclude>
    <ClInclude Include="Network\Packets\MousePosChangePacket.h">
      <Filter>Header Files</Filter>
    </ClInclude>
    <ClInclude Include="Network\Packets\Packet.h">
      <Filter>Header Files</Filter>
    </ClInclude>
    <ClInclude Include="Network\Packets\PacketData.h">
      <Filter>Header Files</Filter>
    </ClInclude>
    <ClInclude Include="Network\Packets\PacketHeader.h">
      <Filter>Header Files</Filter>
    </ClInclude>
    <ClInclude Include="Network\ServerNetworkManager.h">
      <Filter>Header Files</Filter>
    </ClInclude>
    <ClInclude Include="Util\BoundingBox.h">
      <Filter>Header Files</Filter>
    </ClInclude>
    <ClInclude Include="Util\CustomFileManager.h">
      <Filter>Header Files</Filter>
    </ClInclude>
    <ClInclude Include="Util\CustomRandomEngine.h">
      <Filter>Header Files</Filter>
    </ClInclude>
    <ClInclude Include="Util\EngineDefaults.h">
      <Filter>Header Files</Filter>
    </ClInclude>
    <ClInclude Include="Util\PerlinNoise.h">
      <Filter>Header Files</Filter>
    </ClInclude>
    <ClInclude Include="Util\ThreadSafeQueue.h">
      <Filter>Header Files</Filter>
    </ClInclude>
    <ClInclude Include="Util\ThreadSafeSet.h">
      <Filter>Header Files</Filter>
    </ClInclude>
    <ClInclude Include="Util\Transform.h">
      <Filter>Header Files</Filter>
    </ClInclude>
    <ClInclude Include="World\Blocks\AirBlock.h">
      <Filter>Header Files</Filter>
    </ClInclude>
    <ClInclude Include="World\Blocks\Block.h">
      <Filter>Header Files</Filter>
    </ClInclude>
    <ClInclude Include="World\Blocks\BlockTypeList.h">
      <Filter>Header Files</Filter>
    </ClInclude>
    <ClInclude Include="World\Blocks\CobblestoneBlock.h">
      <Filter>Header Files</Filter>
    </ClInclude>
    <ClInclude Include="World\Blocks\DirtBlock.h">
      <Filter>Header Files</Filter>
    </ClInclude>
    <ClInclude Include="World\Blocks\GrassBlock.h">
      <Filter>Header Files</Filter>
    </ClInclude>
    <ClInclude Include="World\Blocks\PlanksBlock.h">
      <Filter>Header Files</Filter>
    </ClInclude>
    <ClInclude Include="World\Blocks\SaplingBlock.h">
      <Filter>Header Files</Filter>
    </ClInclude>
    <ClInclude Include="World\Blocks\StoneBlock.h">
      <Filter>Header Files</Filter>
    </ClInclude>
    <ClInclude Include="World\Chunk.h">
      <Filter>Header Files</Filter>
    </ClInclude>
    <ClInclude Include="World\ChunkCoords.h">
      <Filter>Header Files</Filter>
    </ClInclude>
    <ClInclude Include="World\MultiPlayerWorld.h">
      <Filter>Header Files</Filter>
    </ClInclude>
  </ItemGroup>
</Project>