<?xml version="1.0" encoding="utf-8"?>
<Project ToolsVersion="4.0" xmlns="http://schemas.microsoft.com/developer/msbuild/2003">
  <ItemGroup>
    <Filter Include="Source Files">
      <UniqueIdentifier>{4FC737F1-C7A5-4376-A066-2A32D752A2FF}</UniqueIdentifier>
      <Extensions>cpp;c;cc;cxx;c++;cppm;ixx;def;odl;idl;hpj;bat;asm;asmx</Extensions>
    </Filter>
    <Filter Include="Resource Files">
      <UniqueIdentifier>{67DA6AB6-F800-4c08-8B7A-83BB121AAD01}</UniqueIdentifier>
      <Extensions>rc;ico;cur;bmp;dlg;rc2;rct;bin;rgs;gif;jpg;jpeg;jpe;resx;tiff;tif;png;wav;mfcribbon-ms;glsl</Extensions>
    </Filter>
    <Filter Include="Source Files\Entities">
      <UniqueIdentifier>{57b7c3a8-ddc8-43ee-a773-5092ae95e621}</UniqueIdentifier>
    </Filter>
    <Filter Include="Source Files\Entities\Player">
      <UniqueIdentifier>{bf236fdc-8557-4a6d-9e98-73885d05f4af}</UniqueIdentifier>
    </Filter>
    <Filter Include="Source Files\Shaders">
      <UniqueIdentifier>{5b16b28d-001c-4815-b7ca-136ccfe019dc}</UniqueIdentifier>
    </Filter>
    <Filter Include="Resource Files\Shaders">
      <UniqueIdentifier>{a8c4deb9-1618-4c0c-a0d2-c7bb67a2eda9}</UniqueIdentifier>
    </Filter>
    <Filter Include="Source Files\Textures">
      <UniqueIdentifier>{5f61b8eb-4d2b-490f-9fdc-f59df00c93e2}</UniqueIdentifier>
    </Filter>
    <Filter Include="Resource Files\Textures">
      <UniqueIdentifier>{7dab2962-b633-4fed-af42-4beaa6e67b58}</UniqueIdentifier>
    </Filter>
    <Filter Include="Resource Files\Textures\Blocks">
      <UniqueIdentifier>{84b5ae87-677e-4938-8804-a792e3de33fe}</UniqueIdentifier>
    </Filter>
    <Filter Include="Source Files\Util">
      <UniqueIdentifier>{0f0bdbc4-ace5-4672-a6ff-e535be0c8c01}</UniqueIdentifier>
    </Filter>
    <Filter Include="Source Files\World">
      <UniqueIdentifier>{465637d2-fc05-4f2d-be4a-ce643e193d0a}</UniqueIdentifier>
    </Filter>
    <Filter Include="Source Files\World\Blocks">
      <UniqueIdentifier>{027d1d8b-b2f0-448e-8f94-81893d98f0c8}</UniqueIdentifier>
    </Filter>
  </ItemGroup>
  <ItemGroup>
    <ClCompile Include="RunMinecraft.cpp">
      <Filter>Source Files</Filter>
    </ClCompile>
    <ClCompile Include="Entities\Entity.cpp">
      <Filter>Source Files\Entities</Filter>
    </ClCompile>
    <ClCompile Include="Entities\LivingEntity.cpp">
      <Filter>Source Files\Entities</Filter>
    </ClCompile>
    <ClCompile Include="Entities\Player\Camera.cpp">
      <Filter>Source Files\Entities\Player</Filter>
    </ClCompile>
    <ClCompile Include="Entities\Player\PlayerController.cpp">
      <Filter>Source Files\Entities\Player</Filter>
    </ClCompile>
    <ClCompile Include="Shaders\Shader.cpp">
      <Filter>Source Files\Shaders</Filter>
    </ClCompile>
    <ClCompile Include="Textures\Texture.cpp">
      <Filter>Source Files\Textures</Filter>
    </ClCompile>
    <ClCompile Include="Util\BoundingBox.cpp">
      <Filter>Source Files\Util</Filter>
    </ClCompile>
    <ClCompile Include="Util\EngineDefaults.cpp">
      <Filter>Source Files\Util</Filter>
    </ClCompile>
    <ClCompile Include="Util\TessellationHelper.cpp">
      <Filter>Source Files\Util</Filter>
    </ClCompile>
    <ClCompile Include="Util\Transform.cpp">
      <Filter>Source Files\Util</Filter>
    </ClCompile>
    <ClCompile Include="Util\Vertex.cpp">
      <Filter>Source Files\Util</Filter>
    </ClCompile>
    <ClCompile Include="World\Chunk.cpp">
      <Filter>Source Files\World</Filter>
    </ClCompile>
    <ClCompile Include="World\ChunkCoords.cpp">
      <Filter>Source Files\World</Filter>
    </ClCompile>
    <ClCompile Include="World\SinglePlayerWorld.cpp">
      <Filter>Source Files\World</Filter>
    </ClCompile>
    <ClCompile Include="World\Blocks\Block.cpp">
      <Filter>Source Files\World\Blocks</Filter>
    </ClCompile>
    <ClCompile Include="World\Blocks\BlockTypeList.cpp">
      <Filter>Source Files\World\Blocks</Filter>
    </ClCompile>
    <ClCompile Include="World\Blocks\GrassBlock.cpp">
      <Filter>Source Files\World\Blocks</Filter>
    </ClCompile>
    <ClCompile Include="World\Blocks\AirBlock.cpp">
      <Filter>Source Files\World\Blocks</Filter>
    </ClCompile>
    <ClCompile Include="Util\CustomRandomEngine.cpp">
      <Filter>Source Files\Util</Filter>
    </ClCompile>
    <ClCompile Include="glad.c">
      <Filter>Source Files</Filter>
    </ClCompile>
    <ClCompile Include="Util\CustomFileManager.cpp">
      <Filter>Source Files</Filter>
    </ClCompile>
  </ItemGroup>
  <ItemGroup>
    <ClInclude Include="Entities\Entity.h">
      <Filter>Source Files\Entities</Filter>
    </ClInclude>
    <ClInclude Include="Entities\LivingEntity.h">
      <Filter>Source Files\Entities</Filter>
    </ClInclude>
    <ClInclude Include="Entities\Player\Camera.h">
      <Filter>Source Files\Entities\Player</Filter>
    </ClInclude>
    <ClInclude Include="Entities\Player\PlayerController.h">
      <Filter>Source Files\Entities\Player</Filter>
    </ClInclude>
    <ClInclude Include="Shaders\Shader.h">
      <Filter>Source Files\Shaders</Filter>
    </ClInclude>
    <ClInclude Include="Textures\Texture.h">
      <Filter>Source Files\Textures</Filter>
    </ClInclude>
    <ClInclude Include="Util\BoundingBox.h">
      <Filter>Source Files\Util</Filter>
    </ClInclude>
    <ClInclude Include="Util\EngineDefaults.h">
      <Filter>Source Files\Util</Filter>
    </ClInclude>
    <ClInclude Include="Util\TessellationHelper.h">
      <Filter>Source Files\Util</Filter>
    </ClInclude>
    <ClInclude Include="Util\Transform.h">
      <Filter>Source Files\Util</Filter>
    </ClInclude>
    <ClInclude Include="Util\Vertex.h">
      <Filter>Source Files\Util</Filter>
    </ClInclude>
    <ClInclude Include="World\Chunk.h">
      <Filter>Source Files\World</Filter>
    </ClInclude>
    <ClInclude Include="World\ChunkCoords.h">
      <Filter>Source Files\World</Filter>
    </ClInclude>
    <ClInclude Include="World\SinglePlayerWorld.h">
      <Filter>Source Files\World</Filter>
    </ClInclude>
    <ClInclude Include="World\Blocks\Block.h">
      <Filter>Source Files\World\Blocks</Filter>
    </ClInclude>
    <ClInclude Include="World\Blocks\BlockTypeList.h">
      <Filter>Source Files\World\Blocks</Filter>
    </ClInclude>
    <ClInclude Include="World\Blocks\GrassBlock.h">
      <Filter>Source Files\World\Blocks</Filter>
    </ClInclude>
    <ClInclude Include="World\Blocks\AirBlock.h">
      <Filter>Source Files\World\Blocks</Filter>
    </ClInclude>
    <ClInclude Include="Util\CustomRandomEngine.h">
      <Filter>Source Files\Util</Filter>
    </ClInclude>
    <ClInclude Include="Util\CustomFileManager.h" />
  </ItemGroup>
  <ItemGroup>
    <None Include="Shaders\FragmentShader.glsl">
      <Filter>Resource Files\Shaders</Filter>
    </None>
    <None Include="Shaders\VertexShader.glsl">
      <Filter>Resource Files\Shaders</Filter>
    </None>
  </ItemGroup>
  <ItemGroup>
    <Image Include="Textures\Blocks\cobblestone.png">
      <Filter>Resource Files\Textures\Blocks</Filter>
    </Image>
    <Image Include="Textures\Blocks\Dirt.png">
      <Filter>Resource Files\Textures\Blocks</Filter>
    </Image>
    <Image Include="Textures\Blocks\GrassSide.png">
      <Filter>Resource Files\Textures\Blocks</Filter>
    </Image>
    <Image Include="Textures\Blocks\GrassTop.png">
      <Filter>Resource Files\Textures\Blocks</Filter>
    </Image>
  </ItemGroup>
</Project>