<?xml version="1.0" encoding="utf-8"?>
<Project ToolsVersion="4.0" xmlns="http://schemas.microsoft.com/developer/msbuild/2003">
  <ItemGroup>
    <Filter Include="Source Files">
      <UniqueIdentifier>{4FC737F1-C7A5-4376-A066-2A32D752A2FF}</UniqueIdentifier>
      <Extensions>cpp;c;cc;cxx;c++;cppm;ixx;def;odl;idl;hpj;bat;asm;asmx</Extensions>
    </Filter>
    <Filter Include="Resource Files">
      <UniqueIdentifier>{67DA6AB6-F800-4c08-8B7A-83BB121AAD01}</UniqueIdentifier>
      <Extensions>rc;ico;cur;bmp;dlg;rc2;rct;bin;rgs;gif;jpg;jpeg;jpe;resx;tiff;tif;png;wav;mfcribbon-ms;glsl</Extensions>
    </Filter>
    <Filter Include="Source Files\Entities">
      <UniqueIdentifier>{57b7c3a8-ddc8-43ee-a773-5092ae95e621}</UniqueIdentifier>
    </Filter>
    <Filter Include="Source Files\Entities\Player">
      <UniqueIdentifier>{bf236fdc-8557-4a6d-9e98-73885d05f4af}</UniqueIdentifier>
    </Filter>
    <Filter Include="Source Files\Shaders">
      <UniqueIdentifier>{5b16b28d-001c-4815-b7ca-136ccfe019dc}</UniqueIdentifier>
    </Filter>
    <Filter Include="Resource Files\Shaders">
      <UniqueIdentifier>{a8c4deb9-1618-4c0c-a0d2-c7bb67a2eda9}</UniqueIdentifier>
    </Filter>
    <Filter Include="Source Files\Textures">
      <UniqueIdentifier>{5f61b8eb-4d2b-490f-9fdc-f59df00c93e2}</UniqueIdentifier>
    </Filter>
    <Filter Include="Resource Files\Textures">
      <UniqueIdentifier>{7dab2962-b633-4fed-af42-4beaa6e67b58}</UniqueIdentifier>
    </Filter>
    <Filter Include="Resource Files\Textures\Blocks">
      <UniqueIdentifier>{84b5ae87-677e-4938-8804-a792e3de33fe}</UniqueIdentifier>
    </Filter>
    <Filter Include="Source Files\Util">
      <UniqueIdentifier>{0f0bdbc4-ace5-4672-a6ff-e535be0c8c01}</UniqueIdentifier>
    </Filter>
    <Filter Include="Source Files\World">
      <UniqueIdentifier>{465637d2-fc05-4f2d-be4a-ce643e193d0a}</UniqueIdentifier>
    </Filter>
    <Filter Include="Source Files\World\Blocks">
      <UniqueIdentifier>{027d1d8b-b2f0-448e-8f94-81893d98f0c8}</UniqueIdentifier>
    </Filter>
  </ItemGroup>
  <ItemGroup>
    <ClCompile Include="RunMinecraft.cpp">
      <Filter>Source Files</Filter>
    </ClCompile>
    <ClCompile Include="Shaders\Shader.cpp">
      <Filter>Source Files\Shaders</Filter>
    </ClCompile>
    <ClCompile Include="Textures\Texture.cpp">
      <Filter>Source Files\Textures</Filter>
    </ClCompile>
    <ClCompile Include="Util\BoundingBox.cpp">
      <Filter>Source Files\Util</Filter>
    </ClCompile>
    <ClCompile Include="Util\EngineDefaults.cpp">
      <Filter>Source Files\Util</Filter>
    </ClCompile>
    <ClCompile Include="Util\TessellationHelper.cpp">
      <Filter>Source Files\Util</Filter>
    </ClCompile>
    <ClCompile Include="Util\Transform.cpp">
      <Filter>Source Files\Util</Filter>
    </ClCompile>
    <ClCompile Include="Util\Vertex.cpp">
      <Filter>Source Files\Util</Filter>
    </ClCompile>
    <ClCompile Include="Util\CustomRandomEngine.cpp">
      <Filter>Source Files\Util</Filter>
    </ClCompile>
    <ClCompile Include="glad.c">
      <Filter>Source Files</Filter>
    </ClCompile>
    <ClCompile Include="Util\CustomFileManager.cpp">
      <Filter>Source Files\Util</Filter>
    </ClCompile>
    <ClCompile Include="Entities\EntityMeshBlock.cpp">
      <Filter>Source Files\Entities</Filter>
    </ClCompile>
    <ClCompile Include="Entities\Zombie.cpp">
      <Filter>Source Files\Entities</Filter>
    </ClCompile>
    <ClCompile Include="GUI\CrosshairGui.cpp">
      <Filter>Source Files</Filter>
    </ClCompile>
    <ClCompile Include="GUI\Gui.cpp">
      <Filter>Source Files</Filter>
    </ClCompile>
    <ClCompile Include="GUI\PerformanceGui.cpp">
      <Filter>Source Files</Filter>
    </ClCompile>
    <ClCompile Include="GUI\SelectedBlockGui.cpp">
      <Filter>Source Files</Filter>
    </ClCompile>
    <ClCompile Include="Util\FontManager.cpp">
      <Filter>Source Files</Filter>
    </ClCompile>
    <ClCompile Include="Util\GuiTessellation.cpp">
      <Filter>Source Files</Filter>
    </ClCompile>
    <ClCompile Include="Util\GuiVertex.cpp">
      <Filter>Source Files</Filter>
    </ClCompile>
    <ClCompile Include="Util\PerlinNoise.cpp">
      <Filter>Source Files</Filter>
    </ClCompile>
    <ClCompile Include="Util\TessellationInterface.cpp">
      <Filter>Source Files</Filter>
    </ClCompile>
    <ClCompile Include="Entities\Generic\Camera.cpp">
      <Filter>Source Files</Filter>
    </ClCompile>
    <ClCompile Include="Entities\Generic\CameraController.cpp">
      <Filter>Source Files</Filter>
    </ClCompile>
    <ClCompile Include="Entities\Generic\Entity.cpp">
      <Filter>Source Files</Filter>
    </ClCompile>
    <ClCompile Include="Entities\Generic\LivingEntity.cpp">
      <Filter>Source Files</Filter>
    </ClCompile>
    <ClCompile Include="Entities\Generic\ParticleEntity.cpp">
      <Filter>Source Files</Filter>
    </ClCompile>
    <ClCompile Include="Entities\Generic\PlayerSelectionHighlight.cpp">
      <Filter>Source Files</Filter>
    </ClCompile>
    <ClCompile Include="Entities\MP\PlayerMp.cpp">
      <Filter>Source Files</Filter>
    </ClCompile>
    <ClCompile Include="Entities\SP\PlayerController.cpp">
      <Filter>Source Files</Filter>
    </ClCompile>
    <ClCompile Include="Network\ClientNetworkManager.cpp">
      <Filter>Source Files</Filter>
    </ClCompile>
    <ClCompile Include="Network\Packets\EntityPositionPacket.cpp">
      <Filter>Source Files</Filter>
    </ClCompile>
    <ClCompile Include="Network\Packets\Packet.cpp">
      <Filter>Source Files</Filter>
    </ClCompile>
    <ClCompile Include="Network\Packets\PacketData.cpp">
      <Filter>Source Files</Filter>
    </ClCompile>
    <ClCompile Include="Network\Packets\PacketHeader.cpp">
      <Filter>Source Files</Filter>
    </ClCompile>
    <ClCompile Include="Network\Packets\PlayerIdPacket.cpp">
      <Filter>Source Files</Filter>
    </ClCompile>
    <ClCompile Include="Network\Packets\WorldTimePacket.cpp">
      <Filter>Source Files</Filter>
    </ClCompile>
    <ClCompile Include="Util\ChunkCoords.cpp">
      <Filter>Source Files</Filter>
    </ClCompile>
    <ClCompile Include="Util\ThreadSafeQueue.cpp">
      <Filter>Source Files</Filter>
    </ClCompile>
    <ClCompile Include="World\Generic\Blocks\AirBlock.cpp">
      <Filter>Source Files</Filter>
    </ClCompile>
    <ClCompile Include="World\Generic\Blocks\Block.cpp">
      <Filter>Source Files</Filter>
    </ClCompile>
    <ClCompile Include="World\Generic\Blocks\BlockTypeList.cpp">
      <Filter>Source Files</Filter>
    </ClCompile>
    <ClCompile Include="World\Generic\Blocks\CobblestoneBlock.cpp">
      <Filter>Source Files</Filter>
    </ClCompile>
    <ClCompile Include="World\Generic\Blocks\DirtBlock.cpp">
      <Filter>Source Files</Filter>
    </ClCompile>
    <ClCompile Include="World\Generic\Blocks\GrassBlock.cpp">
      <Filter>Source Files</Filter>
    </ClCompile>
    <ClCompile Include="World\Generic\Blocks\PlanksBlock.cpp">
      <Filter>Source Files</Filter>
    </ClCompile>
    <ClCompile Include="World\Generic\Blocks\SaplingBlock.cpp">
      <Filter>Source Files</Filter>
    </ClCompile>
    <ClCompile Include="World\Generic\Blocks\StoneBlock.cpp">
      <Filter>Source Files</Filter>
    </ClCompile>
    <ClCompile Include="World\Generic\Chunk.cpp">
      <Filter>Source Files</Filter>
    </ClCompile>
    <ClCompile Include="World\Generic\World.cpp">
      <Filter>Source Files</Filter>
    </ClCompile>
    <ClCompile Include="World\MP\MultiPlayerWorld.cpp">
      <Filter>Source Files</Filter>
    </ClCompile>
    <ClCompile Include="World\SP\SinglePlayerWorld.cpp">
      <Filter>Source Files</Filter>
    </ClCompile>
    <ClCompile Include="Network\Packets\ChunkDataPacket.cpp">
      <Filter>Source Files</Filter>
    </ClCompile>
    <ClCompile Include="Util\BlockFaces.cpp">
      <Filter>Source Files</Filter>
    </ClCompile>
  </ItemGroup>
  <ItemGroup>
    <ClInclude Include="Shaders\Shader.h">
      <Filter>Source Files\Shaders</Filter>
    </ClInclude>
    <ClInclude Include="Textures\Texture.h">
      <Filter>Source Files\Textures</Filter>
    </ClInclude>
    <ClInclude Include="Util\BoundingBox.h">
      <Filter>Source Files\Util</Filter>
    </ClInclude>
    <ClInclude Include="Util\EngineDefaults.h">
      <Filter>Source Files\Util</Filter>
    </ClInclude>
    <ClInclude Include="Util\TessellationHelper.h">
      <Filter>Source Files\Util</Filter>
    </ClInclude>
    <ClInclude Include="Util\Transform.h">
      <Filter>Source Files\Util</Filter>
    </ClInclude>
    <ClInclude Include="Util\Vertex.h">
      <Filter>Source Files\Util</Filter>
    </ClInclude>
    <ClInclude Include="Util\CustomRandomEngine.h">
      <Filter>Source Files\Util</Filter>
    </ClInclude>
    <ClInclude Include="Util\CustomFileManager.h">
      <Filter>Source Files\Util</Filter>
    </ClInclude>
    <ClInclude Include="Entities\EntityMeshBlock.h">
      <Filter>Source Files\Entities</Filter>
    </ClInclude>
    <ClInclude Include="Entities\Zombie.h">
      <Filter>Source Files\Entities</Filter>
    </ClInclude>
    <ClInclude Include="GUI\CrosshairGui.h" />
    <ClInclude Include="GUI\Gui.h" />
    <ClInclude Include="GUI\PerformanceGui.h" />
    <ClInclude Include="GUI\SelectedBlockGui.h" />
    <ClInclude Include="Util\FontManager.h" />
    <ClInclude Include="Util\GuiTessellation.h" />
    <ClInclude Include="Util\GuiVertex.h" />
    <ClInclude Include="Util\PerlinNoise.h" />
    <ClInclude Include="Util\TessellationInterface.h" />
    <ClInclude Include="Entities\Generic\Camera.h" />
    <ClInclude Include="Entities\Generic\CameraController.h" />
    <ClInclude Include="Entities\Generic\Entity.h" />
    <ClInclude Include="Entities\Generic\LivingEntity.h" />
    <ClInclude Include="Entities\Generic\ParticleEntity.h" />
    <ClInclude Include="Entities\Generic\PlayerSelectionHighlight.h" />
    <ClInclude Include="Entities\MP\PlayerMp.h" />
    <ClInclude Include="Entities\SP\PlayerController.h" />
    <ClInclude Include="Network\ClientNetworkManager.h" />
    <ClInclude Include="Network\Packets\EntityPositionPacket.h" />
    <ClInclude Include="Network\Packets\Packet.h" />
    <ClInclude Include="Network\Packets\PacketData.h" />
    <ClInclude Include="Network\Packets\PacketHeader.h" />
    <ClInclude Include="Network\Packets\PlayerIdPacket.h" />
    <ClInclude Include="Network\Packets\WorldTimePacket.h" />
    <ClInclude Include="Util\ChunkCoords.h" />
    <ClInclude Include="Util\ThreadSafeQueue.h" />
    <ClInclude Include="World\Generic\Blocks\AirBlock.h" />
    <ClInclude Include="World\Generic\Blocks\Block.h" />
    <ClInclude Include="World\Generic\Blocks\BlockTypeList.h" />
    <ClInclude Include="World\Generic\Blocks\CobblestoneBlock.h" />
    <ClInclude Include="World\Generic\Blocks\DirtBlock.h" />
    <ClInclude Include="World\Generic\Blocks\GrassBlock.h" />
    <ClInclude Include="World\Generic\Blocks\PlanksBlock.h" />
    <ClInclude Include="World\Generic\Blocks\SaplingBlock.h" />
    <ClInclude Include="World\Generic\Blocks\StoneBlock.h" />
    <ClInclude Include="World\Generic\Chunk.h" />
    <ClInclude Include="World\Generic\World.h" />
    <ClInclude Include="World\MP\MultiPlayerWorld.h" />
    <ClInclude Include="World\SP\SinglePlayerWorld.h" />
    <ClInclude Include="Network\Packets\ChunkDataPacket.h" />
    <ClInclude Include="Util\BlockFaces.h" />
  </ItemGroup>
  <ItemGroup>
    <Image Include="Textures\Blocks\cobblestone.png">
      <Filter>Resource Files\Textures\Blocks</Filter>
    </Image>
    <Image Include="Textures\Blocks\Dirt.png">
      <Filter>Resource Files\Textures\Blocks</Filter>
    </Image>
    <Image Include="Textures\Blocks\GrassSide.png">
      <Filter>Resource Files\Textures\Blocks</Filter>
    </Image>
    <Image Include="Textures\Blocks\GrassTop.png">
      <Filter>Resource Files\Textures\Blocks</Filter>
    </Image>
    <Image Include="Textures\HighlightTexture.png">
      <Filter>Resource Files</Filter>
    </Image>
  </ItemGroup>
</Project>